
Microsoft Visual Studio Solution File, Format Version 12.00
# Visual Studio 2013
VisualStudioVersion = 12.0.31101.0
MinimumVisualStudioVersion = 10.0.40219.1
Project("{FAE04EC0-301F-11D3-BF4B-00C04F79EFBC}") = "CodeKata", "CodeKata\CodeKata.csproj", "{3265E21A-65C8-4855-8412-52258FC27F18}"
EndProject
Project("{FAE04EC0-301F-11D3-BF4B-00C04F79EFBC}") = "CodeKata.Tests", "CodeKata.Tests\CodeKata.Tests.csproj", "{FA703FC2-A86C-4EE7-B3B8-6ADF4C89EC99}"
EndProject
Project("{FAE04EC0-301F-11D3-BF4B-00C04F79EFBC}") = "CodeKata.ConsoleRunner", "CodeKata.ConsoleRunner\CodeKata.ConsoleRunner.csproj", "{939AA58B-1DA2-4E0D-9858-D088704584CF}"
EndProject
Project("{FAE04EC0-301F-11D3-BF4B-00C04F79EFBC}") = "CodeKata.Refactored", "CodeKata.Refactored\CodeKata.Refactored.csproj", "{B0FEDC93-BD07-4BDE-BD13-5EE6035FFAFF}"
EndProject
Global
	GlobalSection(SolutionConfigurationPlatforms) = preSolution
		Debug|Any CPU = Debug|Any CPU
		Release|Any CPU = Release|Any CPU
	EndGlobalSection
	GlobalSection(ProjectConfigurationPlatforms) = postSolution
		{3265E21A-65C8-4855-8412-52258FC27F18}.Debug|Any CPU.ActiveCfg = Debug|Any CPU
		{3265E21A-65C8-4855-8412-52258FC27F18}.Debug|Any CPU.Build.0 = Debug|Any CPU
		{3265E21A-65C8-4855-8412-52258FC27F18}.Release|Any CPU.ActiveCfg = Release|Any CPU
		{3265E21A-65C8-4855-8412-52258FC27F18}.Release|Any CPU.Build.0 = Release|Any CPU
		{FA703FC2-A86C-4EE7-B3B8-6ADF4C89EC99}.Debug|Any CPU.ActiveCfg = Debug|Any CPU
		{FA703FC2-A86C-4EE7-B3B8-6ADF4C89EC99}.Debug|Any CPU.Build.0 = Debug|Any CPU
		{FA703FC2-A86C-4EE7-B3B8-6ADF4C89EC99}.Release|Any CPU.ActiveCfg = Release|Any CPU
		{FA703FC2-A86C-4EE7-B3B8-6ADF4C89EC99}.Release|Any CPU.Build.0 = Release|Any CPU
		{939AA58B-1DA2-4E0D-9858-D088704584CF}.Debug|Any CPU.ActiveCfg = Debug|Any CPU
		{939AA58B-1DA2-4E0D-9858-D088704584CF}.Debug|Any CPU.Build.0 = Debug|Any CPU
		{939AA58B-1DA2-4E0D-9858-D088704584CF}.Release|Any CPU.ActiveCfg = Release|Any CPU
		{939AA58B-1DA2-4E0D-9858-D088704584CF}.Release|Any CPU.Build.0 = Release|Any CPU
		{B0FEDC93-BD07-4BDE-BD13-5EE6035FFAFF}.Debug|Any CPU.ActiveCfg = Debug|Any CPU
		{B0FEDC93-BD07-4BDE-BD13-5EE6035FFAFF}.Debug|Any CPU.Build.0 = Debug|Any CPU
		{B0FEDC93-BD07-4BDE-BD13-5EE6035FFAFF}.Release|Any CPU.ActiveCfg = Release|Any CPU
		{B0FEDC93-BD07-4BDE-BD13-5EE6035FFAFF}.Release|Any CPU.Build.0 = Release|Any CPU
	EndGlobalSection
	GlobalSection(SolutionProperties) = preSolution
		HideSolutionNode = FALSE
	EndGlobalSection
EndGlobal
